
Microsoft Visual Studio Solution File, Format Version 12.00
# Visual Studio Version 17
VisualStudioVersion = 17.9.34622.214
MinimumVisualStudioVersion = 10.0.40219.1
Project("{FAE04EC0-301F-11D3-BF4B-00C04F79EFBC}") = "part2", "part2.csproj", "{43D6B3BF-5134-45A0-82A1-E5B327F72A1A}"
EndProject
Global
	GlobalSection(SolutionConfigurationPlatforms) = preSolution
		Debug|Any CPU = Debug|Any CPU
		Release|Any CPU = Release|Any CPU
	EndGlobalSection
	GlobalSection(ProjectConfigurationPlatforms) = postSolution
		{43D6B3BF-5134-45A0-82A1-E5B327F72A1A}.Debug|Any CPU.ActiveCfg = Debug|Any CPU
		{43D6B3BF-5134-45A0-82A1-E5B327F72A1A}.Debug|Any CPU.Build.0 = Debug|Any CPU
		{43D6B3BF-5134-45A0-82A1-E5B327F72A1A}.Release|Any CPU.ActiveCfg = Release|Any CPU
		{43D6B3BF-5134-45A0-82A1-E5B327F72A1A}.Release|Any CPU.Build.0 = Release|Any CPU
	EndGlobalSection
	GlobalSection(SolutionProperties) = preSolution
		HideSolutionNode = FALSE
	EndGlobalSection
	GlobalSection(ExtensibilityGlobals) = postSolution
		SolutionGuid = {18A6CE0E-7A9A-418E-B71B-B2B354D6F7E5}
	EndGlobalSection
EndGlobal
